
Microsoft Visual Studio Solution File, Format Version 12.00
# Visual Studio 15
VisualStudioVersion = 15.0.26124.0
MinimumVisualStudioVersion = 15.0.26124.0
Project("{2150E333-8FDC-42A3-9474-1A3956D46DE8}") = "src", "src", "{733F8196-7EB2-4BDB-BD52-D45E8432613F}"
EndProject
Project("{F2A71F9B-5D33-465A-A702-920D77279786}") = "Analyzer", "src\Analyzer\Analyzer.fsproj", "{C710CAEC-2D02-49B8-A36D-241377330691}"
EndProject
Project("{F2A71F9B-5D33-465A-A702-920D77279786}") = "Main", "src\Main\Main.fsproj", "{BFB880DE-6817-4A99-8558-75F952E0A68C}"
EndProject
Global
	GlobalSection(SolutionConfigurationPlatforms) = preSolution
		Debug|Any CPU = Debug|Any CPU
		Debug|x64 = Debug|x64
		Debug|x86 = Debug|x86
		Release|Any CPU = Release|Any CPU
		Release|x64 = Release|x64
		Release|x86 = Release|x86
	EndGlobalSection
	GlobalSection(SolutionProperties) = preSolution
		HideSolutionNode = FALSE
	EndGlobalSection
	GlobalSection(ProjectConfigurationPlatforms) = postSolution
		{C710CAEC-2D02-49B8-A36D-241377330691}.Debug|Any CPU.ActiveCfg = Debug|Any CPU
		{C710CAEC-2D02-49B8-A36D-241377330691}.Debug|Any CPU.Build.0 = Debug|Any CPU
		{C710CAEC-2D02-49B8-A36D-241377330691}.Debug|x64.ActiveCfg = Debug|Any CPU
		{C710CAEC-2D02-49B8-A36D-241377330691}.Debug|x64.Build.0 = Debug|Any CPU
		{C710CAEC-2D02-49B8-A36D-241377330691}.Debug|x86.ActiveCfg = Debug|Any CPU
		{C710CAEC-2D02-49B8-A36D-241377330691}.Debug|x86.Build.0 = Debug|Any CPU
		{C710CAEC-2D02-49B8-A36D-241377330691}.Release|Any CPU.ActiveCfg = Release|Any CPU
		{C710CAEC-2D02-49B8-A36D-241377330691}.Release|Any CPU.Build.0 = Release|Any CPU
		{C710CAEC-2D02-49B8-A36D-241377330691}.Release|x64.ActiveCfg = Release|Any CPU
		{C710CAEC-2D02-49B8-A36D-241377330691}.Release|x64.Build.0 = Release|Any CPU
		{C710CAEC-2D02-49B8-A36D-241377330691}.Release|x86.ActiveCfg = Release|Any CPU
		{C710CAEC-2D02-49B8-A36D-241377330691}.Release|x86.Build.0 = Release|Any CPU
		{BFB880DE-6817-4A99-8558-75F952E0A68C}.Debug|Any CPU.ActiveCfg = Debug|Any CPU
		{BFB880DE-6817-4A99-8558-75F952E0A68C}.Debug|Any CPU.Build.0 = Debug|Any CPU
		{BFB880DE-6817-4A99-8558-75F952E0A68C}.Debug|x64.ActiveCfg = Debug|Any CPU
		{BFB880DE-6817-4A99-8558-75F952E0A68C}.Debug|x64.Build.0 = Debug|Any CPU
		{BFB880DE-6817-4A99-8558-75F952E0A68C}.Debug|x86.ActiveCfg = Debug|Any CPU
		{BFB880DE-6817-4A99-8558-75F952E0A68C}.Debug|x86.Build.0 = Debug|Any CPU
		{BFB880DE-6817-4A99-8558-75F952E0A68C}.Release|Any CPU.ActiveCfg = Release|Any CPU
		{BFB880DE-6817-4A99-8558-75F952E0A68C}.Release|Any CPU.Build.0 = Release|Any CPU
		{BFB880DE-6817-4A99-8558-75F952E0A68C}.Release|x64.ActiveCfg = Release|Any CPU
		{BFB880DE-6817-4A99-8558-75F952E0A68C}.Release|x64.Build.0 = Release|Any CPU
		{BFB880DE-6817-4A99-8558-75F952E0A68C}.Release|x86.ActiveCfg = Release|Any CPU
		{BFB880DE-6817-4A99-8558-75F952E0A68C}.Release|x86.Build.0 = Release|Any CPU
	EndGlobalSection
	GlobalSection(NestedProjects) = preSolution
		{C710CAEC-2D02-49B8-A36D-241377330691} = {733F8196-7EB2-4BDB-BD52-D45E8432613F}
		{BFB880DE-6817-4A99-8558-75F952E0A68C} = {733F8196-7EB2-4BDB-BD52-D45E8432613F}
	EndGlobalSection
EndGlobal
